
Microsoft Visual Studio Solution File, Format Version 12.00
# Visual Studio 15
VisualStudioVersion = 15.0.27004.2006
MinimumVisualStudioVersion = 10.0.40219.1
Project("{E24C65DC-7377-472B-9ABA-BC803B73C61A}") = "UpGrade", ".", "{83E50299-691C-4F46-9CE9-9B6EA0BC8F75}"
	ProjectSection(WebsiteProperties) = preProject
		TargetFrameworkMoniker = ".NETFramework,Version%3Dv4.6.1"
		Debug.AspNetCompiler.VirtualPath = "/localhost_51153"
		Debug.AspNetCompiler.PhysicalPath = "..\..\..\Dropbox\school\UpGradeProject\UpGrade\"
		Debug.AspNetCompiler.TargetPath = "PrecompiledWeb\localhost_51153\"
		Debug.AspNetCompiler.Updateable = "true"
		Debug.AspNetCompiler.ForceOverwrite = "true"
		Debug.AspNetCompiler.FixedNames = "false"
		Debug.AspNetCompiler.Debug = "True"
		Release.AspNetCompiler.VirtualPath = "/localhost_51153"
		Release.AspNetCompiler.PhysicalPath = "..\..\..\Dropbox\school\UpGradeProject\UpGrade\"
		Release.AspNetCompiler.TargetPath = "PrecompiledWeb\localhost_51153\"
		Release.AspNetCompiler.Updateable = "true"
		Release.AspNetCompiler.ForceOverwrite = "true"
		Release.AspNetCompiler.FixedNames = "false"
		Release.AspNetCompiler.Debug = "False"
		VWDPort = "51153"
	EndProjectSection
EndProject
Global
	GlobalSection(SolutionConfigurationPlatforms) = preSolution
		Debug|Any CPU = Debug|Any CPU
	EndGlobalSection
	GlobalSection(ProjectConfigurationPlatforms) = postSolution
		{83E50299-691C-4F46-9CE9-9B6EA0BC8F75}.Debug|Any CPU.ActiveCfg = Debug|Any CPU
		{83E50299-691C-4F46-9CE9-9B6EA0BC8F75}.Debug|Any CPU.Build.0 = Debug|Any CPU
	EndGlobalSection
	GlobalSection(SolutionProperties) = preSolution
		HideSolutionNode = FALSE
	EndGlobalSection
	GlobalSection(ExtensibilityGlobals) = postSolution
		SolutionGuid = {92E716FD-D99F-4890-9BF6-0E733CD46265}
	EndGlobalSection
EndGlobal
